// !$*UTF8*$!
{
	archiveVersion = 1;
	classes = {
	};
	objectVersion = 46;
	objects = {

/* Begin PBXBuildFile section */
		E015A9691B7832180052E77A /* CacheTests.swift in Sources */ = {isa = PBXBuildFile; fileRef = E015A9681B7832180052E77A /* CacheTests.swift */; };
		E0794B111B763CD1006D5410 /* AppDelegate.swift in Sources */ = {isa = PBXBuildFile; fileRef = E0794B101B763CD1006D5410 /* AppDelegate.swift */; };
		E0794B131B763CD1006D5410 /* ViewController.swift in Sources */ = {isa = PBXBuildFile; fileRef = E0794B121B763CD1006D5410 /* ViewController.swift */; };
		E0794B161B763CD1006D5410 /* Main.storyboard in Resources */ = {isa = PBXBuildFile; fileRef = E0794B141B763CD1006D5410 /* Main.storyboard */; };
		E0794B181B763CD1006D5410 /* Assets.xcassets in Resources */ = {isa = PBXBuildFile; fileRef = E0794B171B763CD1006D5410 /* Assets.xcassets */; };
		E0794B1B1B763CD1006D5410 /* LaunchScreen.storyboard in Resources */ = {isa = PBXBuildFile; fileRef = E0794B191B763CD1006D5410 /* LaunchScreen.storyboard */; };
		E0794B261B763CD1006D5410 /* WeatherManagerTests.swift in Sources */ = {isa = PBXBuildFile; fileRef = E0794B251B763CD1006D5410 /* WeatherManagerTests.swift */; };
		E0794B311B763CD1006D5410 /* weatherUITests.swift in Sources */ = {isa = PBXBuildFile; fileRef = E0794B301B763CD1006D5410 /* weatherUITests.swift */; };
		E0794B3F1B764554006D5410 /* WeatherManager.swift in Sources */ = {isa = PBXBuildFile; fileRef = E0794B3E1B764554006D5410 /* WeatherManager.swift */; };
		E0794B431B765C57006D5410 /* Settings.plist in Resources */ = {isa = PBXBuildFile; fileRef = E0794B421B765C57006D5410 /* Settings.plist */; };
		E0794B451B768174006D5410 /* CurrentWeatherModels.swift in Sources */ = {isa = PBXBuildFile; fileRef = E0794B441B768174006D5410 /* CurrentWeatherModels.swift */; };
		E0794B471B777F0E006D5410 /* Cache.swift in Sources */ = {isa = PBXBuildFile; fileRef = E0794B461B777F0E006D5410 /* Cache.swift */; };
/* End PBXBuildFile section */

/* Begin PBXContainerItemProxy section */
		E0794B221B763CD1006D5410 /* PBXContainerItemProxy */ = {
			isa = PBXContainerItemProxy;
			containerPortal = E0794B051B763CD1006D5410 /* Project object */;
			proxyType = 1;
			remoteGlobalIDString = E0794B0C1B763CD1006D5410;
			remoteInfo = weather;
		};
		E0794B2D1B763CD1006D5410 /* PBXContainerItemProxy */ = {
			isa = PBXContainerItemProxy;
			containerPortal = E0794B051B763CD1006D5410 /* Project object */;
			proxyType = 1;
			remoteGlobalIDString = E0794B0C1B763CD1006D5410;
			remoteInfo = weather;
		};
/* End PBXContainerItemProxy section */

/* Begin PBXFileReference section */
		E015A9681B7832180052E77A /* CacheTests.swift */ = {isa = PBXFileReference; fileEncoding = 4; lastKnownFileType = sourcecode.swift; path = CacheTests.swift; sourceTree = "<group>"; };
		E0794B0D1B763CD1006D5410 /* weather.app */ = {isa = PBXFileReference; explicitFileType = wrapper.application; includeInIndex = 0; path = weather.app; sourceTree = BUILT_PRODUCTS_DIR; };
		E0794B101B763CD1006D5410 /* AppDelegate.swift */ = {isa = PBXFileReference; lastKnownFileType = sourcecode.swift; path = AppDelegate.swift; sourceTree = "<group>"; };
		E0794B121B763CD1006D5410 /* ViewController.swift */ = {isa = PBXFileReference; lastKnownFileType = sourcecode.swift; path = ViewController.swift; sourceTree = "<group>"; };
		E0794B151B763CD1006D5410 /* Base */ = {isa = PBXFileReference; lastKnownFileType = file.storyboard; name = Base; path = Base.lproj/Main.storyboard; sourceTree = "<group>"; };
		E0794B171B763CD1006D5410 /* Assets.xcassets */ = {isa = PBXFileReference; lastKnownFileType = folder.assetcatalog; path = Assets.xcassets; sourceTree = "<group>"; };
		E0794B1A1B763CD1006D5410 /* Base */ = {isa = PBXFileReference; lastKnownFileType = file.storyboard; name = Base; path = Base.lproj/LaunchScreen.storyboard; sourceTree = "<group>"; };
		E0794B1C1B763CD1006D5410 /* Info.plist */ = {isa = PBXFileReference; lastKnownFileType = text.plist.xml; path = Info.plist; sourceTree = "<group>"; };
		E0794B211B763CD1006D5410 /* weatherTests.xctest */ = {isa = PBXFileReference; explicitFileType = wrapper.cfbundle; includeInIndex = 0; path = weatherTests.xctest; sourceTree = BUILT_PRODUCTS_DIR; };
		E0794B251B763CD1006D5410 /* WeatherManagerTests.swift */ = {isa = PBXFileReference; lastKnownFileType = sourcecode.swift; path = WeatherManagerTests.swift; sourceTree = "<group>"; };
		E0794B271B763CD1006D5410 /* Info.plist */ = {isa = PBXFileReference; lastKnownFileType = text.plist.xml; path = Info.plist; sourceTree = "<group>"; };
		E0794B2C1B763CD1006D5410 /* weatherUITests.xctest */ = {isa = PBXFileReference; explicitFileType = wrapper.cfbundle; includeInIndex = 0; path = weatherUITests.xctest; sourceTree = BUILT_PRODUCTS_DIR; };
		E0794B301B763CD1006D5410 /* weatherUITests.swift */ = {isa = PBXFileReference; lastKnownFileType = sourcecode.swift; path = weatherUITests.swift; sourceTree = "<group>"; };
		E0794B321B763CD1006D5410 /* Info.plist */ = {isa = PBXFileReference; lastKnownFileType = text.plist.xml; path = Info.plist; sourceTree = "<group>"; };
		E0794B3E1B764554006D5410 /* WeatherManager.swift */ = {isa = PBXFileReference; fileEncoding = 4; lastKnownFileType = sourcecode.swift; path = WeatherManager.swift; sourceTree = "<group>"; };
		E0794B421B765C57006D5410 /* Settings.plist */ = {isa = PBXFileReference; fileEncoding = 4; lastKnownFileType = text.plist.xml; path = Settings.plist; sourceTree = "<group>"; };
		E0794B441B768174006D5410 /* CurrentWeatherModels.swift */ = {isa = PBXFileReference; fileEncoding = 4; lastKnownFileType = sourcecode.swift; path = CurrentWeatherModels.swift; sourceTree = "<group>"; };
		E0794B461B777F0E006D5410 /* Cache.swift */ = {isa = PBXFileReference; fileEncoding = 4; lastKnownFileType = sourcecode.swift; path = Cache.swift; sourceTree = "<group>"; };
/* End PBXFileReference section */

/* Begin PBXFrameworksBuildPhase section */
		E0794B0A1B763CD1006D5410 /* Frameworks */ = {
			isa = PBXFrameworksBuildPhase;
			buildActionMask = 2147483647;
			files = (
			);
			runOnlyForDeploymentPostprocessing = 0;
		};
		E0794B1E1B763CD1006D5410 /* Frameworks */ = {
			isa = PBXFrameworksBuildPhase;
			buildActionMask = 2147483647;
			files = (
			);
			runOnlyForDeploymentPostprocessing = 0;
		};
		E0794B291B763CD1006D5410 /* Frameworks */ = {
			isa = PBXFrameworksBuildPhase;
			buildActionMask = 2147483647;
			files = (
			);
			runOnlyForDeploymentPostprocessing = 0;
		};
/* End PBXFrameworksBuildPhase section */

/* Begin PBXGroup section */
		E0794B041B763CD1006D5410 = {
			isa = PBXGroup;
			children = (
				E0794B0F1B763CD1006D5410 /* weather */,
				E0794B241B763CD1006D5410 /* weatherTests */,
				E0794B2F1B763CD1006D5410 /* weatherUITests */,
				E0794B0E1B763CD1006D5410 /* Products */,
			);
			sourceTree = "<group>";
		};
		E0794B0E1B763CD1006D5410 /* Products */ = {
			isa = PBXGroup;
			children = (
				E0794B0D1B763CD1006D5410 /* weather.app */,
				E0794B211B763CD1006D5410 /* weatherTests.xctest */,
				E0794B2C1B763CD1006D5410 /* weatherUITests.xctest */,
			);
			name = Products;
			sourceTree = "<group>";
		};
		E0794B0F1B763CD1006D5410 /* weather */ = {
			isa = PBXGroup;
			children = (
				E0794B101B763CD1006D5410 /* AppDelegate.swift */,
				E0794B121B763CD1006D5410 /* ViewController.swift */,
				E0794B141B763CD1006D5410 /* Main.storyboard */,
				E0794B171B763CD1006D5410 /* Assets.xcassets */,
				E0794B191B763CD1006D5410 /* LaunchScreen.storyboard */,
				E0794B1C1B763CD1006D5410 /* Info.plist */,
				E0794B3E1B764554006D5410 /* WeatherManager.swift */,
				E0794B421B765C57006D5410 /* Settings.plist */,
				E0794B441B768174006D5410 /* CurrentWeatherModels.swift */,
				E0794B461B777F0E006D5410 /* Cache.swift */,
			);
			path = weather;
			sourceTree = "<group>";
		};
		E0794B241B763CD1006D5410 /* weatherTests */ = {
			isa = PBXGroup;
			children = (
				E0794B251B763CD1006D5410 /* WeatherManagerTests.swift */,
				E015A9681B7832180052E77A /* CacheTests.swift */,
				E0794B271B763CD1006D5410 /* Info.plist */,
			);
			path = weatherTests;
			sourceTree = "<group>";
		};
		E0794B2F1B763CD1006D5410 /* weatherUITests */ = {
			isa = PBXGroup;
			children = (
				E0794B301B763CD1006D5410 /* weatherUITests.swift */,
				E0794B321B763CD1006D5410 /* Info.plist */,
			);
			path = weatherUITests;
			sourceTree = "<group>";
		};
/* End PBXGroup section */

/* Begin PBXNativeTarget section */
		E0794B0C1B763CD1006D5410 /* weather */ = {
			isa = PBXNativeTarget;
			buildConfigurationList = E0794B351B763CD1006D5410 /* Build configuration list for PBXNativeTarget "weather" */;
			buildPhases = (
				E0794B091B763CD1006D5410 /* Sources */,
				E0794B0A1B763CD1006D5410 /* Frameworks */,
				E0794B0B1B763CD1006D5410 /* Resources */,
			);
			buildRules = (
			);
			dependencies = (
			);
			name = weather;
			productName = weather;
			productReference = E0794B0D1B763CD1006D5410 /* weather.app */;
			productType = "com.apple.product-type.application";
		};
		E0794B201B763CD1006D5410 /* weatherTests */ = {
			isa = PBXNativeTarget;
			buildConfigurationList = E0794B381B763CD1006D5410 /* Build configuration list for PBXNativeTarget "weatherTests" */;
			buildPhases = (
				E0794B1D1B763CD1006D5410 /* Sources */,
				E0794B1E1B763CD1006D5410 /* Frameworks */,
				E0794B1F1B763CD1006D5410 /* Resources */,
			);
			buildRules = (
			);
			dependencies = (
				E0794B231B763CD1006D5410 /* PBXTargetDependency */,
			);
			name = weatherTests;
			productName = weatherTests;
			productReference = E0794B211B763CD1006D5410 /* weatherTests.xctest */;
			productType = "com.apple.product-type.bundle.unit-test";
		};
		E0794B2B1B763CD1006D5410 /* weatherUITests */ = {
			isa = PBXNativeTarget;
			buildConfigurationList = E0794B3B1B763CD1006D5410 /* Build configuration list for PBXNativeTarget "weatherUITests" */;
			buildPhases = (
				E0794B281B763CD1006D5410 /* Sources */,
				E0794B291B763CD1006D5410 /* Frameworks */,
				E0794B2A1B763CD1006D5410 /* Resources */,
			);
			buildRules = (
			);
			dependencies = (
				E0794B2E1B763CD1006D5410 /* PBXTargetDependency */,
			);
			name = weatherUITests;
			productName = weatherUITests;
			productReference = E0794B2C1B763CD1006D5410 /* weatherUITests.xctest */;
			productType = "com.apple.product-type.bundle.ui-testing";
		};
/* End PBXNativeTarget section */

/* Begin PBXProject section */
		E0794B051B763CD1006D5410 /* Project object */ = {
			isa = PBXProject;
			attributes = {
				LastUpgradeCheck = 0700;
				ORGANIZATIONNAME = "Justin Stinson";
				TargetAttributes = {
					E0794B0C1B763CD1006D5410 = {
						CreatedOnToolsVersion = 7.0;
					};
					E0794B201B763CD1006D5410 = {
						CreatedOnToolsVersion = 7.0;
						TestTargetID = E0794B0C1B763CD1006D5410;
					};
					E0794B2B1B763CD1006D5410 = {
						CreatedOnToolsVersion = 7.0;
						TestTargetID = E0794B0C1B763CD1006D5410;
					};
				};
			};
			buildConfigurationList = E0794B081B763CD1006D5410 /* Build configuration list for PBXProject "weather" */;
			compatibilityVersion = "Xcode 3.2";
			developmentRegion = English;
			hasScannedForEncodings = 0;
			knownRegions = (
				en,
				Base,
			);
			mainGroup = E0794B041B763CD1006D5410;
			productRefGroup = E0794B0E1B763CD1006D5410 /* Products */;
			projectDirPath = "";
			projectRoot = "";
			targets = (
				E0794B0C1B763CD1006D5410 /* weather */,
				E0794B201B763CD1006D5410 /* weatherTests */,
				E0794B2B1B763CD1006D5410 /* weatherUITests */,
			);
		};
/* End PBXProject section */

/* Begin PBXResourcesBuildPhase section */
		E0794B0B1B763CD1006D5410 /* Resources */ = {
			isa = PBXResourcesBuildPhase;
			buildActionMask = 2147483647;
			files = (
				E0794B1B1B763CD1006D5410 /* LaunchScreen.storyboard in Resources */,
				E0794B431B765C57006D5410 /* Settings.plist in Resources */,
				E0794B181B763CD1006D5410 /* Assets.xcassets in Resources */,
				E0794B161B763CD1006D5410 /* Main.storyboard in Resources */,
			);
			runOnlyForDeploymentPostprocessing = 0;
		};
		E0794B1F1B763CD1006D5410 /* Resources */ = {
			isa = PBXResourcesBuildPhase;
			buildActionMask = 2147483647;
			files = (
			);
			runOnlyForDeploymentPostprocessing = 0;
		};
		E0794B2A1B763CD1006D5410 /* Resources */ = {
			isa = PBXResourcesBuildPhase;
			buildActionMask = 2147483647;
			files = (
			);
			runOnlyForDeploymentPostprocessing = 0;
		};
/* End PBXResourcesBuildPhase section */

/* Begin PBXSourcesBuildPhase section */
		E0794B091B763CD1006D5410 /* Sources */ = {
			isa = PBXSourcesBuildPhase;
			buildActionMask = 2147483647;
			files = (
				E0794B3F1B764554006D5410 /* WeatherManager.swift in Sources */,
				E0794B471B777F0E006D5410 /* Cache.swift in Sources */,
				E0794B131B763CD1006D5410 /* ViewController.swift in Sources */,
				E0794B111B763CD1006D5410 /* AppDelegate.swift in Sources */,
				E0794B451B768174006D5410 /* CurrentWeatherModels.swift in Sources */,
			);
			runOnlyForDeploymentPostprocessing = 0;
		};
		E0794B1D1B763CD1006D5410 /* Sources */ = {
			isa = PBXSourcesBuildPhase;
			buildActionMask = 2147483647;
			files = (
				E015A9691B7832180052E77A /* CacheTests.swift in Sources */,
				E0794B261B763CD1006D5410 /* WeatherManagerTests.swift in Sources */,
			);
			runOnlyForDeploymentPostprocessing = 0;
		};
		E0794B281B763CD1006D5410 /* Sources */ = {
			isa = PBXSourcesBuildPhase;
			buildActionMask = 2147483647;
			files = (
				E0794B311B763CD1006D5410 /* weatherUITests.swift in Sources */,
			);
			runOnlyForDeploymentPostprocessing = 0;
		};
/* End PBXSourcesBuildPhase section */

/* Begin PBXTargetDependency section */
		E0794B231B763CD1006D5410 /* PBXTargetDependency */ = {
			isa = PBXTargetDependency;
			target = E0794B0C1B763CD1006D5410 /* weather */;
			targetProxy = E0794B221B763CD1006D5410 /* PBXContainerItemProxy */;
		};
		E0794B2E1B763CD1006D5410 /* PBXTargetDependency */ = {
			isa = PBXTargetDependency;
			target = E0794B0C1B763CD1006D5410 /* weather */;
			targetProxy = E0794B2D1B763CD1006D5410 /* PBXContainerItemProxy */;
		};
/* End PBXTargetDependency section */

/* Begin PBXVariantGroup section */
		E0794B141B763CD1006D5410 /* Main.storyboard */ = {
			isa = PBXVariantGroup;
			children = (
				E0794B151B763CD1006D5410 /* Base */,
			);
			name = Main.storyboard;
			sourceTree = "<group>";
		};
		E0794B191B763CD1006D5410 /* LaunchScreen.storyboard */ = {
			isa = PBXVariantGroup;
			children = (
				E0794B1A1B763CD1006D5410 /* Base */,
			);
			name = LaunchScreen.storyboard;
			sourceTree = "<group>";
		};
/* End PBXVariantGroup section */

/* Begin XCBuildConfiguration section */
		E0794B331B763CD1006D5410 /* Debug */ = {
			isa = XCBuildConfiguration;
			buildSettings = {
				ALWAYS_SEARCH_USER_PATHS = NO;
				CLANG_CXX_LANGUAGE_STANDARD = "gnu++0x";
				CLANG_CXX_LIBRARY = "libc++";
				CLANG_ENABLE_MODULES = YES;
				CLANG_ENABLE_OBJC_ARC = YES;
				CLANG_WARN_BOOL_CONVERSION = YES;
				CLANG_WARN_CONSTANT_CONVERSION = YES;
				CLANG_WARN_DIRECT_OBJC_ISA_USAGE = YES_ERROR;
				CLANG_WARN_EMPTY_BODY = YES;
				CLANG_WARN_ENUM_CONVERSION = YES;
				CLANG_WARN_INT_CONVERSION = YES;
				CLANG_WARN_OBJC_ROOT_CLASS = YES_ERROR;
				CLANG_WARN_UNREACHABLE_CODE = YES;
				CLANG_WARN__DUPLICATE_METHOD_MATCH = YES;
				"CODE_SIGN_IDENTITY[sdk=iphoneos*]" = "iPhone Developer";
				COPY_PHASE_STRIP = NO;
				DEBUG_INFORMATION_FORMAT = dwarf;
				ENABLE_STRICT_OBJC_MSGSEND = YES;
				ENABLE_TESTABILITY = YES;
				GCC_C_LANGUAGE_STANDARD = gnu99;
				GCC_DYNAMIC_NO_PIC = NO;
				GCC_NO_COMMON_BLOCKS = YES;
				GCC_OPTIMIZATION_LEVEL = 0;
				GCC_PREPROCESSOR_DEFINITIONS = (
					"DEBUG=1",
					"$(inherited)",
				);
				GCC_WARN_64_TO_32_BIT_CONVERSION = YES;
				GCC_WARN_ABOUT_RETURN_TYPE = YES_ERROR;
				GCC_WARN_UNDECLARED_SELECTOR = YES;
				GCC_WARN_UNINITIALIZED_AUTOS = YES_AGGRESSIVE;
				GCC_WARN_UNUSED_FUNCTION = YES;
				GCC_WARN_UNUSED_VARIABLE = YES;
				IPHONEOS_DEPLOYMENT_TARGET = 9.0;
				MTL_ENABLE_DEBUG_INFO = YES;
				ONLY_ACTIVE_ARCH = YES;
				SDKROOT = iphoneos;
				SWIFT_OPTIMIZATION_LEVEL = "-Onone";
				TARGETED_DEVICE_FAMILY = "1,2";
			};
			name = Debug;
		};
		E0794B341B763CD1006D5410 /* Release */ = {
			isa = XCBuildConfiguration;
			buildSettings = {
				ALWAYS_SEARCH_USER_PATHS = NO;
				CLANG_CXX_LANGUAGE_STANDARD = "gnu++0x";
				CLANG_CXX_LIBRARY = "libc++";
				CLANG_ENABLE_MODULES = YES;
				CLANG_ENABLE_OBJC_ARC = YES;
				CLANG_WARN_BOOL_CONVERSION = YES;
				CLANG_WARN_CONSTANT_CONVERSION = YES;
				CLANG_WARN_DIRECT_OBJC_ISA_USAGE = YES_ERROR;
				CLANG_WARN_EMPTY_BODY = YES;
				CLANG_WARN_ENUM_CONVERSION = YES;
				CLANG_WARN_INT_CONVERSION = YES;
				CLANG_WARN_OBJC_ROOT_CLASS = YES_ERROR;
				CLANG_WARN_UNREACHABLE_CODE = YES;
				CLANG_WARN__DUPLICATE_METHOD_MATCH = YES;
				"CODE_SIGN_IDENTITY[sdk=iphoneos*]" = "iPhone Developer";
				COPY_PHASE_STRIP = NO;
				DEBUG_INFORMATION_FORMAT = "dwarf-with-dsym";
				ENABLE_NS_ASSERTIONS = NO;
				ENABLE_STRICT_OBJC_MSGSEND = YES;
				GCC_C_LANGUAGE_STANDARD = gnu99;
				GCC_NO_COMMON_BLOCKS = YES;
				GCC_WARN_64_TO_32_BIT_CONVERSION = YES;
				GCC_WARN_ABOUT_RETURN_TYPE = YES_ERROR;
				GCC_WARN_UNDECLARED_SELECTOR = YES;
				GCC_WARN_UNINITIALIZED_AUTOS = YES_AGGRESSIVE;
				GCC_WARN_UNUSED_FUNCTION = YES;
				GCC_WARN_UNUSED_VARIABLE = YES;
				IPHONEOS_DEPLOYMENT_TARGET = 9.0;
				MTL_ENABLE_DEBUG_INFO = NO;
				SDKROOT = iphoneos;
				TARGETED_DEVICE_FAMILY = "1,2";
				VALIDATE_PRODUCT = YES;
			};
			name = Release;
		};
		E0794B361B763CD1006D5410 /* Debug */ = {
			isa = XCBuildConfiguration;
			buildSettings = {
				ASSETCATALOG_COMPILER_APPICON_NAME = AppIcon;
				CLANG_WARN_DOCUMENTATION_COMMENTS = YES;
				INFOPLIST_FILE = weather/Info.plist;
				LD_RUNPATH_SEARCH_PATHS = "$(inherited) @executable_path/Frameworks";
				PRODUCT_BUNDLE_IDENTIFIER = com.github.jestinson.weather;
				PRODUCT_NAME = "$(TARGET_NAME)";
			};
			name = Debug;
		};
		E0794B371B763CD1006D5410 /* Release */ = {
			isa = XCBuildConfiguration;
			buildSettings = {
				ASSETCATALOG_COMPILER_APPICON_NAME = AppIcon;
				CLANG_WARN_DOCUMENTATION_COMMENTS = YES;
				INFOPLIST_FILE = weather/Info.plist;
				LD_RUNPATH_SEARCH_PATHS = "$(inherited) @executable_path/Frameworks";
				PRODUCT_BUNDLE_IDENTIFIER = com.github.jestinson.weather;
				PRODUCT_NAME = "$(TARGET_NAME)";
			};
			name = Release;
		};
		E0794B391B763CD1006D5410 /* Debug */ = {
			isa = XCBuildConfiguration;
			buildSettings = {
				BUNDLE_LOADER = "$(TEST_HOST)";
				INFOPLIST_FILE = weatherTests/Info.plist;
				LD_RUNPATH_SEARCH_PATHS = "$(inherited) @executable_path/Frameworks @loader_path/Frameworks";
				PRODUCT_BUNDLE_IDENTIFIER = com.github.jestinson.weatherTests;
				PRODUCT_NAME = "$(TARGET_NAME)";
				TEST_HOST = "$(BUILT_PRODUCTS_DIR)/weather.app/weather";
			};
			name = Debug;
		};
		E0794B3A1B763CD1006D5410 /* Release */ = {
			isa = XCBuildConfiguration;
			buildSettings = {
				BUNDLE_LOADER = "$(TEST_HOST)";
				INFOPLIST_FILE = weatherTests/Info.plist;
				LD_RUNPATH_SEARCH_PATHS = "$(inherited) @executable_path/Frameworks @loader_path/Frameworks";
				PRODUCT_BUNDLE_IDENTIFIER = com.github.jestinson.weatherTests;
				PRODUCT_NAME = "$(TARGET_NAME)";
				TEST_HOST = "$(BUILT_PRODUCTS_DIR)/weather.app/weather";
			};
			name = Release;
		};
		E0794B3C1B763CD1006D5410 /* Debug */ = {
			isa = XCBuildConfiguration;
			buildSettings = {
				INFOPLIST_FILE = weatherUITests/Info.plist;
				LD_RUNPATH_SEARCH_PATHS = "$(inherited) @executable_path/Frameworks @loader_path/Frameworks";
				PRODUCT_BUNDLE_IDENTIFIER = com.github.jestinson.weatherUITests;
				PRODUCT_NAME = "$(TARGET_NAME)";
				TEST_TARGET_NAME = weather;
				USES_XCTRUNNER = YES;
			};
			name = Debug;
		};
		E0794B3D1B763CD1006D5410 /* Release */ = {
			isa = XCBuildConfiguration;
			buildSettings = {
				INFOPLIST_FILE = weatherUITests/Info.plist;
				LD_RUNPATH_SEARCH_PATHS = "$(inherited) @executable_path/Frameworks @loader_path/Frameworks";
				PRODUCT_BUNDLE_IDENTIFIER = com.github.jestinson.weatherUITests;
				PRODUCT_NAME = "$(TARGET_NAME)";
				TEST_TARGET_NAME = weather;
				USES_XCTRUNNER = YES;
			};
			name = Release;
		};
/* End XCBuildConfiguration section */

/* Begin XCConfigurationList section */
		E0794B081B763CD1006D5410 /* Build configuration list for PBXProject "weather" */ = {
			isa = XCConfigurationList;
			buildConfigurations = (
				E0794B331B763CD1006D5410 /* Debug */,
				E0794B341B763CD1006D5410 /* Release */,
			);
			defaultConfigurationIsVisible = 0;
			defaultConfigurationName = Release;
		};
		E0794B351B763CD1006D5410 /* Build configuration list for PBXNativeTarget "weather" */ = {
			isa = XCConfigurationList;
			buildConfigurations = (
				E0794B361B763CD1006D5410 /* Debug */,
				E0794B371B763CD1006D5410 /* Release */,
			);
			defaultConfigurationIsVisible = 0;
			defaultConfigurationName = Release;
		};
		E0794B381B763CD1006D5410 /* Build configuration list for PBXNativeTarget "weatherTests" */ = {
			isa = XCConfigurationList;
			buildConfigurations = (
				E0794B391B763CD1006D5410 /* Debug */,
				E0794B3A1B763CD1006D5410 /* Release */,
			);
			defaultConfigurationIsVisible = 0;
			defaultConfigurationName = Release;
		};
		E0794B3B1B763CD1006D5410 /* Build configuration list for PBXNativeTarget "weatherUITests" */ = {
			isa = XCConfigurationList;
			buildConfigurations = (
				E0794B3C1B763CD1006D5410 /* Debug */,
				E0794B3D1B763CD1006D5410 /* Release */,
			);
			defaultConfigurationIsVisible = 0;
			defaultConfigurationName = Release;
		};
/* End XCConfigurationList section */
	};
	rootObject = E0794B051B763CD1006D5410 /* Project object */;
}
